{
    "_meta": {
        "hash": {
            "sha256": "c43401889c099785bf2479d8d93d40b7bb7362f1947bbf4971b7a6469d7433a2"
        },
        "pipfile-spec": 6,
        "requires": {
            "python_version": "3.10"
        },
        "sources": [
            {
                "name": "pypi",
                "url": "https://pypi.org/simple",
                "verify_ssl": true
            }
        ]
    },
    "default": {
        "certifi": {
            "hashes": [
                "sha256:62f22742b58a1a33014a2b6b706588a8d7e2a88ae7bd1a6ebe8c992928483775",
                "sha256:741e2c3b351ddf169a738da9f2c048608ff7f2c5cc02f1ebc6b118bb090d5d55"
            ],
            "markers": "python_version >= '3.7'",
            "version": "==2026.7.22"
        },
        "charset-normalizer": {
            "hashes": [
                "sha256:01077390b03f7988f11d700a2194e69b119741a86b1a638b1db88891e3eced8e",
                "sha256:01b0c0d2262a9e28e8484a278c7e1b5d650e3ac8cf2683d2967e25899f208bdf",
                "sha256:04851f73ae72b8413dddadb16a49dfee95263553741fd42d546f7d66907e6be5",
                "sha256:0521c5665880b33d603717defa76c094048900010897909952397feb3039da56",
                "sha256:0774bf9bf620249fee3e0b8b9fd3065de213be30f3aa94ce2494b3b638949e26",
                "sha256:0891b9d3903c5571c03771ca669a4b0ec5618ca722a5c957d3d29cd4e5062848",
                "sha256:0c951d5e6dd9c2ff60609476752bee49da4206adde960ebc247766937f72e718",
                "sha256:0fed1d06615f022ee3b13caf5e8b180cfea32bb2c5aded8a9d44277afc040f93",
                "sha256:114e4d0c92d618409ed82a99e22b5c5e768fe995f2973f78265f4524f49d4640",
                "sha256:11912e4bb14baae7c5d8791aa55ba0a3a03ec6729073307b0f57270abaa713d3",
                "sha256:11a4d68a6ecda3292cb1e50239e111543ba5d709bb62a6b4ea1afcfa729d8875",
                "sha256:124fbf1a8ff966d87ae05bb8bd45a71f966055ed8bba320d0c7cf450bc5f4d0e",
                "sha256:1461ac396c4fdb983a675f20aa555624f0ee18ac83d832b9244ffff3d8055275",
                "sha256:1503bccbeb36d5527790c3930327704c39af22de3112f1b1666a9f3ce15ee204",
                "sha256:15bb4005af6320d259dc7593ca84a38d7fe06a421dbcf7b910ae23979101e787",
                "sha256:15c44f7edfd477b06f517a5cc317fc1707edb9de2c865f43d4b6513907473234",
                "sha256:16fa0eccf81304b79c5cd87f9271c3b85dd9dd99245e4422ae9c0dd45e0f99d3",
                "sha256:183b88127acdb4fabe59d951ab424faf1af7b63cdbb5f776186c1ea2ffcaed98",
                "sha256:195c26fb65950f8fce54e26349852b7bdd7c5f120aeefbcc440b8a20faaed4a3",
                "sha256:1afb975bd5d68d5ce9f6b6d44fdf2f7e34b895a35e95708a7a91b20a3b51d187",
                "sha256:1b4cbc7c3491ccb4aa17fcd8165649d01cf39f76de1696da8631b5f71b85401d",
                "sha256:1bc0baf5ef96b6ede57d47f4b8fe4d9d84019c3bfcbeb20a41edc6a6ee341f1f",
                "sha256:1c50fe28bbc2ced33386f298650d91218076c05420e6cbd790b913adc41659e7",
                "sha256:1db38f4c5496827c1a501846d64d14c3b80c7e6714e406cd7dc36a9899fa1011",
                "sha256:211d5a3eb6af8f513b8d4ca19a8c1b7accab1b5f0d3175f9826b03c1a920dc1f",
                "sha256:23851fb4e1b85ed3f6c2a27b777cdfe2e19fb5b38429a8faf38c7542b7665869",
                "sha256:254eb48b9fa5ee9898a3c445825a1f340fe53712a098904b39b0bddba8ea3cb1",
                "sha256:2625388c6c754520c37abaf3b41eb34d1cc4a373f457898f08606c8e362b891d",
                "sha256:281cb91036248400f4cc957495cccd44c275c2e0c5854f7e45ac5cf7dc193847",
                "sha256:28a15fdad492a99b6eccfaaed66ef3f74050680545ea61ec8b2f4c538f1f1320",
                "sha256:28b4f0d66fb834ff90f28209ac7bce77868c45d8c93e26f906709d9b7c2e1af9",
                "sha256:2a925889534b3748302dae5dead07cc13480de1dac3aea80a941b729b471ef93",
                "sha256:2b7b3bbfb4fe8ef40600792d762fbaa9057559f9d3fad209525b7a22b99e91fd",
                "sha256:2c9ad19a6cfcd5ea5c0d41161d22f9df1dcc277e9bef2751391334546a314c00",
                "sha256:2cc961b171b3f3440f410489ab3573e86aea8736134ebbb40ea1338b7f0831bc",
                "sha256:2ce45c6627b22c47e390bc91a41c3d13032192e699fa0bea96e9671b373d69b0",
                "sha256:2e06a3a98f916dd41d27f3105e02e7a40181c98c94b9158733d03a6f80506c09",
                "sha256:304d5463e65a35d7bb0850550e0780395395f6fcf452f04db7d5ca7cecc425ac",
                "sha256:304d8e4d493af723536393eee0c689eb7813f4a474c8b479dee63f1fdd98f621",
                "sha256:30fcd120b732aa79317f08dee04d7de0847822e4cf7ee0e9f445bb958832252c",
                "sha256:31f3930700408d211f13378ccbe1c40845d8da54bd0681fac3a9b5aae81c7aa8",
                "sha256:34276fd796040bf0993ab33a369aa572e6979c7aab225a88893667ad8eac8f7a",
                "sha256:355ad8011081dec5412240c087a9a0c9d4d5039f3ed11a3f13e18c2b29b56c51",
                "sha256:38a873987f3be698494da8b2e3085e29da02da7b633dce73e79c699a113d7bf0",
                "sha256:39de2a259fc954455c57274dc94c79d5842774e1247a016aff30bc0efed0f4ef",
                "sha256:3d14b50de6bf4d0edf857a9386836846f982b8f524e188e2e68b96d702bcf4aa",
                "sha256:3d21b8b13c7592db2ac5e544a6d83187b995257472b0c9e8351b6d507ae37ed6",
                "sha256:3d31298449090ab8d47b7b1b2a555ff73cac7ed438a08b7ac160980c7ebed649",
                "sha256:3ddacd27458c45bdacd6bd6db644bfb730efbf9e830310186e3045c9c5be8fb2",
                "sha256:3df041de8887954562c9b261cba85ca0e9ded74048daf125f45edcfaa4832229",
                "sha256:40ab6bffa02ae10a0581e6c198be7d2d8ca5c2a0c64e4ed3465d766df457573e",
                "sha256:4275811936e2f06feff5e598fb42a1b7ae852da8e39605211892b56b81a34efd",
                "sha256:443eae2bf318abeaf6f15d785138f71fd6de770e99a92158b8b814265e079115",
                "sha256:447441e76ec720b15e64418d32e092297340387053047c7c694f579efb0ee1d9",
                "sha256:4495c5002a7b28557e7e222e77e0b661183e432b7d6d2e788101e3f240e05b8c",
                "sha256:44bd4fbb29dfbeba60e7d2bd000c59e4b21ddb3cc53912b14048d37092706d7c",
                "sha256:4685902cf26edf013ed7a3da0f426ebba7a00ebb9541386d835afbf002c11cab",
                "sha256:498dc3188ca05a68231ac3fdbfc7f57eb67e1343c30e0fea17f8218c1599b253",
                "sha256:4c2b5031f63e331e3839b40aed2dd6f191e9c07edbde303e7876846ea1946995",
                "sha256:4d48f2d08b9de5864e2c8744d4461b862fb149a18274abc8b698c45975573438",
                "sha256:4f87960d57feabfb618e4e0af6e7371645fa26a277860739d6e5d6e0012c92f0",
                "sha256:50e3adfb96fc189eb27b1cf62d3b598b89b4bb0420d93a3d3e42e137409011be",
                "sha256:51cf45226a9b588d0d2b4880c62d686934b63ab0bd79ca23ab0e9762eb27441b",
                "sha256:52aa6992700996af31f375de0c6bacd402b0097fe40b53c426b9f51a90ebabc7",
                "sha256:55ea99acb17b9325618de155a0cd6a2e8f5d10be008113e1d433bbb58db543b2",
                "sha256:56bc200a365efb37383b7852e4cc5898d3b2da5987289b543956cf8cad71018a",
                "sha256:588461c2e8384d309bd63e5826019b6977bc66d629b99ac8737bb795d7b2cb5a",
                "sha256:58ca3755ee7ff7f59b57789ec9833c9de9ea275405cdd240eda1f193112e398a",
                "sha256:58f361dcbab699cf8f42db3f47c8e7fd1036f138c23a5d08de9fde5f425a730c",
                "sha256:598a11a2c7ebaa5334bf698bf29568c9c390abac6a154d8170fedecd1cea38c5",
                "sha256:59f63901b0031c3136cf64704dcb21de0bbae62ce2c9529bc39d27665463de37",
                "sha256:5cde776b7cc66e4f6c99612cea4aa7269aa65863f7a15841b2c264f103822f4e",
                "sha256:5e2b6b57e9733d39f0c9fd3185efa6b8e29652c4cd8fe94180272cf6ed9a78c4",
                "sha256:5fb29fb8cd1a46c27a1bf9613ad5ec2599310d46b4025d9556404a6b6a292800",
                "sha256:6045373d5a89a5ec71afde535db987ca28e76dfa276c2d4c818265b375d4b055",
                "sha256:619799369eeef6366ed3e8755a5670f4f2f0fb6b30a0fd7264dc0fdc2357058e",
                "sha256:62588a277bfb59def052abd940703fa35107152bf479781a878617d60faf8fb5",
                "sha256:62603db9a7caa0802eaa28c1c46fecd7b3a263a774069c24c3c28c302448721c",
                "sha256:65cd72beeeca9d3aaea1201e5923859f308f952f9c71de93f06063c79f0f7a3b",
                "sha256:68eb192d85ab8e5f6ec69c2bc6ac0179fbf04a5ac1569d12fbef74883fe102d0",
                "sha256:6bd128f206a7752ae1f2ab6c61bf8a24ba28913a10df8b14c2637b973ff97a80",
                "sha256:6be488a102b8cf28d0391d8c4ba7748938ae28b78ad901f8585520fca33ead1a",
                "sha256:7218e8f32b0956cfcd048fd42d9d5779809745ca1d86113ca56f66e7ae1549c4",
                "sha256:7441d755b7ab94f8d4eb3e43ec05482d760842fd263d003a99102d742cd835e2",
                "sha256:749e97e1b32313717a565abbe321bc2190bc8b35f1a67e4cdbc7c56c8d8ffe58",
                "sha256:75a3ceed0724d625d64b86ca20aba182e4df462e04c2414fc941c0f523f06aac",
                "sha256:780fbe7cab297b81dad9fb8dc5eb003c0468ffb0d9e5f65068c53a34661a96bc",
                "sha256:78456a747de8dc58360ffa581f30a002baf5aa28cb262536545e91f113ed7639",
                "sha256:7967d08cf06dee78443b874f98c98036f624f3a4e73e11f9f64f5be4d25393cf",
                "sha256:7a881931aa470808df94a8c380eed2bbbc76cd9dc622310f99665658c821eb6d",
                "sha256:7dcd882da75ef9adf94903b1e3b9419e8aa8fb4c7396822b834b9ef7fb96954f",
                "sha256:7e841fb9010836c992c9f12fcbd43a831de93a5f726fc1ccd8ca1d0268c5014c",
                "sha256:7fdde2c9fd9e3eca40631e024664cf2584272cc8f96308cbe5fdfc930f51d8bc",
                "sha256:8024d00c3faf3fc0c16e07a69f4405e8eac7cc0ab15f65fe6cf43827c4cf72b4",
                "sha256:80d02b6f04e92601a081dd97b23d3128033098bff5d35d392ddcc0476ea11253",
                "sha256:838dcc90063569a0448120554591a1d6c4a4ffe11babf048908793154ab86ade",
                "sha256:849df64e889b2e17230d58410a03dba311a65b163508fd33679b2b737d4b7858",
                "sha256:87475fabc8d9996fd9c27debb395e642e8c838d78a00b6e932227a0e06b81e26",
                "sha256:87e50a3e7cb90af586b6c5faf23e302a970415ac73bd7bd90a515a04b427ef96",
                "sha256:89b53f3cda69831909888e0494f4fa0bcd3537e3e138dabeb620bd6ad946bae8",
                "sha256:8a893cc101149f80a653f82062ebc95b34525a2614382e1da5458fe7c6997249",
                "sha256:8b2bfab86aa71ae13aa41a6a26aab338e0db2b8bc75434b05aea89e011ff35a4",
                "sha256:8d86d6fc60743dc916eb79e2eb1ec4818e21e427731543af40a3021851174a13",
                "sha256:915563965d418f986e7e145accc592eae9e1a1be3566ff98a05d7a9ec42a76e1",
                "sha256:92888bb3187c5ba50500b00b3b310c9f2c651709d28036077680cb5255450a03",
                "sha256:93223adc95033dd47133a46ccfc316a0139176fd79085762e27202ec56018f03",
                "sha256:9373ad13ef0d2c0fb761e04e55bfdee5a08b52cef2c882c8fbe9935b1517152e",
                "sha256:9409a8bf35cf78353942504b24a57de3d75b708997a1e4bd8db71ac8633ce364",
                "sha256:9b7f416ff0978e2f2249330527f0ad6fa02f4932e6199692d3b52da2048c19e4",
                "sha256:9bde855991b7e362c146535e3136a50bfaffc0487d38b33ca7e5edefc6e23849",
                "sha256:9cae88599c7219005d879f98e5ed53341e9a122af585e1091200358a3003d2a0",
                "sha256:9cf9b1a857e25c4baceeb3624e92a56df3668f398c4acba74e174d81fb4d1d3a",
                "sha256:9f56f72050826f63dcee7a7f55b0a77168cb3bfc553fd405e7f8f9ece75a4036",
                "sha256:a090bb2c68df85450502e3e20d665e3a5af9c65a84d6508ed477badd49166fd3",
                "sha256:a192e2c40070d92c3ccf777e3a5c4ff515573cd2bb7ed0c537fdadbbec5bbf21",
                "sha256:a19a731138fc27d5682277d3b9df22855cea1239bce7fcec5f78f42ef2d1f3c3",
                "sha256:a66c3bc5ab1f0ff2164fc9965ddd611ff0802173f4b9d24554c563f6ab7e1d6e",
                "sha256:a815775b6c38d4e0ff7bcffbeba67feded90202bb6a226b8dd35f1c855217413",
                "sha256:a89012d6d5476ee112d20d998570ed58df2260a852afb1758809cd6900411d21",
                "sha256:ae4f5fea5b8b8ccff88238cc8569303e5ee95efae67fa62922a311397a71f346",
                "sha256:b6856554c4f44d79fc2307d5768854310a8f0096e501c75637542c82292b0429",
                "sha256:b6b751274acb69d77b3323d6b7dbaa3c7fdfc1eb829b7eb61d262f32e1af9685",
                "sha256:b736353c0a625bbd5fcec108576e2385db3496f4f771f785ff32e108d3c3bc45",
                "sha256:b7fd005a73d9e657273b7a10dc71a9e03c8fb9ee6999798d6918ce095b81ac7f",
                "sha256:b91363207bd9dc966a691e959bb47f64b30f7ac4b072be9968b366982f7db77c",
                "sha256:ba0b1d2620edf869789c3879223f52bf2afc5d31b3cb47cc57b3a12c05e2aa9d",
                "sha256:bbbfc8e28816f19d7c0f1816664980c0a9875d01b27cdf8eedddb639d9e108ad",
                "sha256:bd16aabe4a02a297c23417aa17ac6299dbd8c49f673bcd645b4929b11f5a4400",
                "sha256:c0afc6800ba57ccc350374c5bd6150419915d95ce93cdbab2d783d75eaf30ecb",
                "sha256:c6708715abcf3c73b99508253e961a9967f02fe536532834149574eda6de0d1c",
                "sha256:c7c9ab723cde841fefb34efbad91e87f00a674b1fe1cd0784fde742bf2c154dc",
                "sha256:c8f3d67aeaf55f017982b73683f0e7342ba2f6635a78f69ce89ebb26aa411e5c",
                "sha256:c9790464842f85f437dbbb54417eda1e0e6bfc52dd8d22d6fd1c994b73b2dc74",
                "sha256:ca403d7e4798f525fdfc78e258820419cbbd0f0ecbab9de7840e3c017cf6b8cf",
                "sha256:d008d90a7f2471519aef0c90dfbe73b3e6e4d5e66ac48e19154c17e89e98b604",
                "sha256:d19fbd981a488e22cd04883659ca6b08f50b5974f9fd7c95655ef6a043e5893f",
                "sha256:d1befeed746d247c81127bb14de9dc3d30edb6e5976d34f83f86ed262b1d9105",
                "sha256:d2374b62878abb00cd8309b32af6c0b715cd02dec0ca74ef12e5069bdc64144a",
                "sha256:d376bbd28b3a8999db1a103b3b388aee6f1ddeb3e51bc2172993efdcd86e064d",
                "sha256:d4a7319f304a774bed22115bc891618e45f85065ab44ea6acd07d274e750519a",
                "sha256:d6734d2ef8a50fbf8445c139477da401f50d62a0606bf00e20ec6d87773fefb1",
                "sha256:d760fe2a4d7c3b226cb9026d6a842868d52a7901bd98420e1baf14e80da85cf5",
                "sha256:d913de495d90407cd859d263bee2e5d1a4ed3eb6573c04e70d9ec619a7cbed7f",
                "sha256:db19d07e2e0129e974a0e65d0064fc222a446cd5122c2fd4184d2af9fc734a9e",
                "sha256:dca9ab98072a5a54ebacebdc45f53e645336b320c667410b061be1ca588ae709",
                "sha256:ddc7dacc8ece3a182e7f15cb862d1fd616b46d076cb1ae9dd232b2c38b655874",
                "sha256:ddf19c062bea7a0cc80f519243d2c01dd091be0cf952a0750d4ad576709559f5",
                "sha256:def79fa35ef0cef8d2accec024f4fdc7ead3012ff02f5215c783f39f03ef8cfc",
                "sha256:df29a0a7107f7011e77f4eebdddec4c7331e24d787a0b21a46d63bdf7445da95",
                "sha256:e09a3942ecbdee5cce73ea9d42da82b81b72ac1bf031ce069b93b5adf4eac8cd",
                "sha256:e242bb1c5e76e97dfa9e7f209a71e93a01d7f19ffdd5cfbb2e2d55b4f08f8ab0",
                "sha256:e243bd13217235fc7290c621941c3f5cc8b66e4872495be821d7436ba2fb838d",
                "sha256:e2af3aad578aa6bd1384bcf4750fc285e5a9de53f40b7d41e5a0bf748edeb2b3",
                "sha256:e4e81e09c1578b8df602e3db08b0b3ea0a6947ad612f52bf8dc5ea8d47691f0c",
                "sha256:e54da4baf05720032d527874d40b65fa4d7e5c6c6a43d0c3adbeffcaf275a2b3",
                "sha256:e80e6c2f55656b4824d72065abb4ddd6a525c74bd78a0aab5d9fc2cf4fb5af50",
                "sha256:ed2a239c0ea213acc1908150a3037257083c7c083128f1a4cec2ec4b97dca491",
                "sha256:ed905975ab14056a2e5eb1c376cb2e1ebc5396baf84163939c518556fccde9f5",
                "sha256:ee21e28f0430bd6dc9086c6e525d5e818a44a5ad19720c8a0ef766792f3eb5e5",
                "sha256:ee43c17b173d46a3212baa6ead3ae258eeabdae48c263a01ccf0218c366dd655",
                "sha256:ef4fcbf3327382cd4c9f540babd61248208af7b93eec4de397b4d5f58a09e288",
                "sha256:eff0ac9dbe711a4aee69bf04a83896aa9b85f19641264053a9f6d48573abb7dd",
                "sha256:f0aa869112ef88429ae17820d99c3dd9504c9e9c671d3c246f3d7442cb051084",
                "sha256:f3c96f633825733f735c5a9cf21d21a257d8e1edf0b1cee0a064b9c424ca0f7d",
                "sha256:f5833ad231be5eb6553de524a70f48d71b2c8563101750531e0b80184e175cd4",
                "sha256:f5ec61164adcec446f8969a3358ec3f9b26bbda3b9213e5586d219afa8df2915",
                "sha256:f7d486c83842422badd511868fd8a9a20e9407ace71564b6af47ce7e60a336c1",
                "sha256:fb9e68df06293761f9fe66ade60a9bc6d0f5e42b8acf2939a9158af86ab0e5bd",
                "sha256:fc14a032f813bf5fe624d991960ea83e9715adc27e4c1830a2361eb1d02ac341",
                "sha256:fcff63213e8e6e47770541a4607175404f47cbb3ebea7b6058cc82d524a0e424",
                "sha256:fd1fbe0f116b6e55da77aca2c6ddcddcfac2186cbf78bdebf40fc156efca389d",
                "sha256:fe9753dfee015c570d73df76f899f18444d41388bffcde097deba51c4fadbb9f"
            ],
            "markers": "python_version >= '3.7'",
            "version": "==3.5.2"
        },
        "idna": {
            "hashes": [
                "sha256:a7db850025b95ded1eae8a46181a1a6c56c92c96f0e2b005d9ff8dc0210cab44",
                "sha256:ab7ae7122974553370f0bdb919e1a960b2cd1bc1ef0276416d896db81c14582c"
            ],
            "markers": "python_version >= '3.9'",
            "version": "==3.20"
        },
        "mwparserfromhell": {
            "hashes": [
                "sha256:0661642c78f8d13369d09401a5c4240f4c91b5af1317e66d7f6270b8b0aecd85",
                "sha256:09ba9480b5714d0016610bc16d714f919b1600f7d605a9f0cfee008618d380ea",
                "sha256:15baa2be5610a48f33d018b4c0fbcd2040a4e9450393ffec54bc4fbfb5e75521",
                "sha256:17165898020db7333a71d222cc434f8f5ade893374425b51954f53268466c832",
                "sha256:1c992003d7a053963006c94ce7eeaf509575c02bf132181da8130086c18ad5df",
                "sha256:2a387532607b4d381baba5c8079f75e5a0201da2506ecd0657034c6b40c8d1e1",
                "sha256:2b9549824664f92bdbb4aaff65379c5bc455a4c2bfe2cef2ba2f1cb01a24d643",
                "sha256:2cfa66c619cf91867c96581ab7bb5e39553bf5895020369a6eada1368a6e4443",
                "sha256:2d7efeeb636e7363964586b6a960bc24a387fa27910d6f919e2f75b9365872cd",
                "sha256:33115b533e789935c1efd4f32a4b6082b597198499b176a05dd73a94a37232be",
                "sha256:355d792992447f348c8a5573a89cdc62d4f58f33608d9bd7403fec83e384cecf",
                "sha256:4bd6e388b5e0f247c3b2484acb2a4bec4f7ba81598fa25956ec93b7abbd17fbe",
                "sha256:4ed1d61927d0ad618352732dc2a2218f3b14e19a6ee6e490b42a6ed535acc301",
                "sha256:52f193b59c1b6109b210ad85536ce3c569861c3bb9da7b1875618d8ba54c396f",
                "sha256:535c2e8b9aedf3b00fbbb9942df4a659bc66dfb8feb6fca114e97cef48d64680",
                "sha256:6032df04279c38b9eaaa332a608dd8241aa31f6f034d6ecdba1b4582fbb548b9",
                "sha256:60e4d7f307ad093626ab81c65b28c403561c5f9bd68c9fa183e75aa0e7d11de7",
                "sha256:6316f6bd1ca8451b312399b44b0b75096981f0fe92fbea108bade29af66bea9b",
                "sha256:680c96019a62d6f815dad4e7c921383284485ba1f69353ed7ead02d3f232edfc",
                "sha256:6cdcc5f54a8cc86d507a678ac408975fce74b11320d0b31ab3c3691b99e38711",
                "sha256:7713a695a64ca71e627ccc7b2a393a8aadf9b94f83600b4874ee80fbe834fbfd",
                "sha256:8797fd2891df1d35d057fe9c93eb834d21d5c90036dcaccf993db3de5a876c9f",
                "sha256:95281cada10011728f0203c7306ec903959e7b18d39b4b65af9f4071ffe5b312",
                "sha256:a9cf2da9d50823f10212bc2a05bb0bba201625a7bce317d003fe4cf34d22e312",
                "sha256:b31789c4d255c027d3075b935a5020efde547dbfbc57ea20abb16d842c52411a",
                "sha256:b34e5bcd5d7c1c80066abe601e39043f86bd43a581b7c6b46299e84e045e1c83",
                "sha256:b5345e6b42db45d48162c7bad9b2ce71b6a5ba2e2dea3987eb82b991e5cb9918",
                "sha256:b9715e7d62adf80e7df80526b6eda873eca55826d16d1c6e197fe0ca506d31fc",
                "sha256:ba3dabf3145a45f4cf8419735018e4e84101b72df0aa045eca7ca5529f3d0f5f",
                "sha256:bc75b1de65ce5b05823942398f77265650a29e13cff6495a15d3c3573cbf7b1a",
                "sha256:beaf750c25d0d2fc0de8f6b301e96c6723630a9f6b2ba02ce65d642021bfbf28",
                "sha256:cd8549a2250959a3a2570e24783bfe682d170b02d06ad7727f29e29f4e672f65",
                "sha256:d51c59fa0c994d5df78fa72cb57107f6e8bac919cdcfd6b0e3c23203e0272038",
                "sha256:def35318e734e684cf28d20bf81d586514463bb01c6946bd8a5ec3a2ffc28660",
                "sha256:e54b03e04adf908c930a0038d036f9b182952821f211a325920a46d6720f695d",
                "sha256:e7b1fef77217efc2d23fb683a17c1042ba9c8a071af751fafea8e5464ffdeca5",
                "sha256:eefbb248976d61db29ff3f34fe6c0556b3b7e70ac145cbd2d75c7fd16f9bb4d5",
                "sha256:ef17d069ccbaecc830c30e8ac6a27d51576a36e6829bac19af0c347f2d2ed495",
                "sha256:efe6e5255379ff66a08d2102004b26a456692dafbab0cb1e52bed275a43f1c4c",
                "sha256:f4193072e9ea93b9e88f772f60a02125c0602d32890d0bbdcb275ed58c8b3763",
                "sha256:fef24a97b0b08f02646be2e018284884f8e6cb9740eea60a10404b5369c04ef6"
            ],
            "markers": "python_version >= '3.9'",
            "version": "==0.7.2"
        },
        "python-dotenv": {
            "hashes": [
                "sha256:42269a8a5b3fd54ffa6f3d84b18abed50064717576b4ecf03dc4a55d8aa04fdc",
                "sha256:f0d53e69935a851c0dcc78f3ab7aaccd8cabef0b92382b576b824212902873c0"
            ],
            "markers": "python_version >= '3.10'",
            "version": "==1.2.4"
        },
        "pywikibot": {
            "hashes": [
                "sha256:380454e6b6e53a74f4925d1afaed9b485325fa62f8d475eb3931a5b83a1e0015",
                "sha256:5c273a0affbaaeb8608e69544739447146b7a95ed19a4f2425d8a5f3f8578694"
            ],
            "markers": "python_full_version >= '3.6.1'",
            "version": "==8.6.0"
        },
        "requests": {
            "hashes": [
                "sha256:2a0d60c172f83ac6ab31e4554906c0f3b3588d37b5cb939b1c061f4907e278e0",
                "sha256:f288924cae4e29463698d6d60bc6a4da69c89185ad1e0bcc4104f584e960b9ed"
            ],
            "markers": "python_version >= '3.10'",
            "version": "==2.34.2"
        },
        "sentry-sdk": {
            "hashes": [
                "sha256:7beb27a22f06396f3a05510c3da6ea10e1c79e02e859993c27ce4ff074e296d6",
                "sha256:9ed36b4c206048aa67b5ddba0a6e28d59fc55cf10d60f5f7aea2c3917184bf4a"
            ],
            "markers": "python_version >= '3.6'",
            "version": "==2.71.0"
        },
        "setuptools": {
            "hashes": [
                "sha256:51a52592b3b99e102b609654876bd65f19f999935166d1352678931132b0c670",
                "sha256:f4695c21257f0d9b537ec2692c941d02ee143b7cc1276941349a546573b2ef73"
            ],
            "markers": "python_version >= '3.10'",
            "version": "==84.0.0"
        },
        "typing-extensions": {
            "hashes": [
                "sha256:481caa481374e813c1b176ada14e97f1f67a4539ce9cfeb3f350d78d6370c2e8",
                "sha256:dc983d19a509c94dba722ee6abd33940f7c05a89e243c47e907eb4db6f1a43e5"
            ],
            "markers": "python_version >= '3.9'",
            "version": "==4.16.0"
        },
        "urllib3": {
            "hashes": [
                "sha256:0cf3cae568d36aa9576b28dfb35f11328f1cb974ca7647d9475ebb86c75ac6e3",
                "sha256:63bf2ead4c879426ebf22ef2a781eeb4aa3b4ae798a0435506f8687fd5bb9b63"
            ],
            "markers": "python_version >= '3.10'",
            "version": "==2.8.0"
        },
        "wikidata-bot-framework": {
            "hashes": [
                "sha256:80db2f92e2135db3da61debb0d89c2c5641fc86ef3f566d4d89d6a29230bbba7",
                "sha256:c530a8b95d77db3c8ca035c2cd96c77e868515cff5006ff8f8f5b3bc239ee8bb"
            ],
            "index": "pypi",
            "markers": "python_version >= '3.9'",
            "version": "==7.7.2"
        }
    },
    "develop": {
        "black": {
            "hashes": [
                "sha256:0218c848ba69aa94052372cb5b50c6ac07dec2f2010a02e36b9cfb0921b2fad0",
                "sha256:02ebe88a2262cd06c40f66931fc482dffaad0840c1f01ef4e936eacf06fe9685",
                "sha256:0a74b4fd8f67ce75628686506c0faefdbbb4b8c9931721490bdef9298009c625",
                "sha256:0ddc6d68d97c3289836f1e93c82ee3e1892f87ad685a54105820add0aad33751",
                "sha256:25609587ce07ead25ee19a2eb3f3a32c9f82d8605ff234cb6e2a6152fdf753f3",
                "sha256:3584c121fc57d08e0f73510df1d206f2c0c8858d3c82fc0664af7647ee8d1b3f",
                "sha256:39d4c2cd2c1205a81ec83aa672bd3b3b0b67f2bbc13b03033b8f95f7a3728aa6",
                "sha256:3ae1b87103e33f1cd7a47a55ad693bf3101d043c75ce8c32209127ea87291de4",
                "sha256:45889344b08ceb9c23733ec48873872d19e2ed3d1d64b3aee6c07745bf44d4a9",
                "sha256:48b0d461ffcbbbbbb79d6a8ccb6ac16cb065621097d24cec43057ee2d25e5c58",
                "sha256:5bb0b882e59f69afb102f161ca12d46c3b46804029d1894056010a2cdf8a5cb2",
                "sha256:5d75e2a73baed5fbb7914c09bdfee330f599163591494c7f93d85b8deeaf72de",
                "sha256:5e71cf23717ca67ba4ff2d0250f3603aa38dcdb3e9c66ed39983b71a2c2ea4ac",
                "sha256:69e5bf5e22660dba002e102e43a2dce1924b098781c9665bffa1ffd2d490ebc5",
                "sha256:6b1e1eb80bf189408e96bdeaa3befdb2bdf04932adba164d1381f6a8efe12fa9",
                "sha256:7ced1df50785931b06d5ee7264cdcd246fab0cacd83c8dc7f1b2774d85d23e05",
                "sha256:87fd0c6c769c650439e7107742f0d6493bfb117fab95d97ef1eb2381d1713258",
                "sha256:9873e36e27e6786935900f153b1b7c04868c8abf616d1316e6fa9a5f9f64ffc4",
                "sha256:9aaf3104612ad99241ff26dd9e136979cd93450a41b471a411ebb6e926db03e3",
                "sha256:b3476ce71b494fc6e39d77e75488e8339a87583029bbf608416e955c83582bd6",
                "sha256:b532e40012f21a8a0e8c5996ea8f5f8413dc89793361aa9e2f451826d0ebd711",
                "sha256:b6a3d22ee0edb81ef80267224a3befd285f812111903e8963146ed32f334c923",
                "sha256:c3e770b27a848b23ca90783dcce243a72035566322fdee7b7080aed2f1066692",
                "sha256:c5e1e899bcc049203b1c3514dfbae8410f9ed7b650f2d4c9907064e94401cdc2",
                "sha256:db0894554f5a95b33874ad7bc6040360f2b126b8d6c9b47d8ddfbd5c6a030618",
                "sha256:fdc0d5b766c20c88d9583f9231d6f41ab05ad9b94266b33a1401ec046d77aeae",
                "sha256:fe0aa3c70ed74ae3cbd994b49c2f8a68df00ee8c2a2dc67b9bb796b4caf23387"
            ],
            "index": "pypi",
            "markers": "python_version >= '3.10'",
            "version": "==26.10.0"
        },
        "click": {
            "hashes": [
                "sha256:255bc9599cf7748b4b1a446ccc735421bd08a2ae529a8b88597d3de5664ee360",
                "sha256:ba0d2089de75ea0310e2dde03160e6ca10009947fb95a182f9b54021bb272e34"
            ],
            "markers": "python_version >= '3.10'",
            "version": "==8.5.0"
        },
        "isort": {
            "hashes": [
                "sha256:11da67a30f5a88383c71db075488ca3d081f427f53368f90bb1d74e958a9b040",
                "sha256:16436aefeebe3aa2d5d7ae1ca895b2278f770fc4a41d95c22569a30f7413ec45",
                "sha256:1c134ef9d94943eae14bf31c634db1904dd875e6e7280a60baee10ca06132db6",
                "sha256:288a320e6d52ba2d3447345390c8a8400591e4033ffbe4ce6bc3e50e5b4818e1",
                "sha256:29669ea6c410528ffe3b632a41835757f08282257e4ddac892a5e6d01bd35201",
                "sha256:2a960e4252ac5b00f78adc0f731529e122657ee642e650896b36e1ff83028023",
                "sha256:3cd67d39c3501d7227e8b229476da1d8679c03e0af97bd295876cf7070e5b709",
                "sha256:3fe693c1e56781de387a6c206306e9e5e560cfeb4acdfd85f0c46122afd48792",
                "sha256:4315e23e701bb1fcdfd364da59da61d78c3332c554318b7eb635ea3924d24c5e",
                "sha256:5c929e8ec9d9fb83f034d5f50895503f40c624605f552b97ad090a37e62407ca",
                "sha256:5f448510ef0a92fa626a975759d76bdbe3b721c3d615da6d1010cc451de5610d",
                "sha256:67b12d9504e5bc6359bb3bb4493f36cf1093d15477c61c349f52f7d04209fb5d",
                "sha256:6c29deeb39698a8717823b7f75b2ac58c5e8ab8dcf6cf31205a72a6617fb454e",
                "sha256:6eb3e714d64de6eba78ee29051f7fc80613c74e90c6f54f84082f59c429c0a0b",
                "sha256:71870ac3b1afdf3c259b8404c05076d3ab874122fec6f78339f1c92d2c29b012",
                "sha256:810561edf6f1f5f3600f02aa709603a4360d5290c5fff2ae4b370090dd1a5445",
                "sha256:85e859fd72e50c27306d05185f9472ed97fae9e1cce91c0e891260d16f2ecece",
                "sha256:8dde4e2d9cfb35390437353f0861ec41378f91ff958d8cd3051fb95cae59315a",
                "sha256:91b60ce3d96fcb0730d61fc5ab84ee5b56d676fbb92550f7ea333f58778f2f20",
                "sha256:a05dc63cb6ae2a8e62ec4184153f424b1650593e00a24e6138184c46193891e9",
                "sha256:a36f30b6b85d9726f79c7623d35f3e966d5d7d9d0a005af91ba19988fccd038b",
                "sha256:aa810daf72ff5d8ade462b2190dad9c0e16d6d428a3f9aea210f14cca2487d58",
                "sha256:af8be0b5cac101202c8255360e5de832ebbb84b2e863dc0f65dbb1a3d63dd40a",
                "sha256:b34a165cd4e25726930ed2eed8cf2fe46fb1a5ebacd9b28eaf566b343a6457ca",
                "sha256:b3e81cae981a52f94d5b31a474e1cbb033ea9cc850bc4c922117c0534a1864dd",
                "sha256:bd8c4fb9829a5e7117d9f71f540ff1e8caafb471e574012057ce6dc35fda2d7b",
                "sha256:bf3ef0a91974f29f406e25eef0e04781fd5c2254b8ab55e7655b20d8cd7c5514",
                "sha256:cd1e0e5e61497e95a4e5be269088e6a1013f530aeccf6ebd6134f403285ecd63",
                "sha256:d03c68e9d0a83b51ed381d04b0919f2d918fb66c1ca1766761157ff44149366f",
                "sha256:d2298980ce44350f11d9d24c8150eaef1883431ec203dddbb4e9b5c3ceb54c70",
                "sha256:d4da51a99dfd00e5c51e507ed91ebad6aafd44dc65135c17e2ef37355cd9fa98",
                "sha256:e2636222848a48cadbd712280058b5da19fa147c501132e04a486a5bddcc9e28",
                "sha256:e4a54aed1bb731d7cf80ef5dfbae5b960f777cea70523b751ee6049bcb604371",
                "sha256:e5f11c7ccd5f079ac0431fe52c7b38ea5d9f4e31a1889746de81dac0e7b0a766",
                "sha256:f65ff614632ddc3306c40f619717b3b3ca69938ffee21d97110056d52472c79a",
                "sha256:f7a9efeb3689c7327a0d637eb4e12691e8d5ab1297caee997b144dc595ccb93f",
                "sha256:f7c2fa33e1c9fbcf9fd639997e4550515c0b712b52ed70a059124a5247825480"
            ],
            "index": "pypi",
            "markers": "python_full_version >= '3.10.0'",
            "version": "==9.0.2"
        },
        "mypy-extensions": {
            "hashes": [
                "sha256:1be4cccdb0f2482337c4743e60421de3a356cd97508abadd57d47403e94f5505",
                "sha256:52e68efc3284861e772bbcd66823fde5ae21fd2fdb51c62a211403730b916558"
            ],
            "markers": "python_version >= '3.8'",
            "version": "==1.1.0"
        },
        "packaging": {
            "hashes": [
                "sha256:94edc256424af38762eb31306eed28beb9f0efc50a8837492c9d6fd6004aed79",
                "sha256:d7193f7c8e4e93f444fde0262bf90af30e16fa0ad0ad44cb553c87339b23cd1c"
            ],
            "markers": "python_version >= '3.9'",
            "version": "==26.3"
        },
        "pathspec": {
            "hashes": [
                "sha256:17db5ecd524104a120e173814c90367a96a98d07c45b2e10c2f3919fff91bf5a",
                "sha256:a00ce642f577bf7f473932318056212bc4f8bfdf53128c78bbd5af0b9b20b189"
            ],
            "markers": "python_version >= '3.9'",
            "version": "==1.1.1"
        },
        "platformdirs": {
            "hashes": [
                "sha256:63743c02414e755de4e31b8f68125c1407495b86c5a006e203c01ff8b9924250",
                "sha256:78bfb9db2a8471ed7eebe3c3c932da413911042994e699b384fbb4493fa872d7"
            ],
            "markers": "python_version >= '3.10'",
            "version": "==4.12.4"
        },
        "pytokens": {
            "hashes": [
                "sha256:0fc71786e629cef478cbf29d7ea1923299181d0699dbe7c3c0f4a583811d9fc1",
                "sha256:11edda0942da80ff58c4408407616a310adecae1ddd22eef8c692fe266fa5009",
                "sha256:140709331e846b728475786df8aeb27d24f48cbcf7bcd449f8de75cae7a45083",
                "sha256:24afde1f53d95348b5a0eb19488661147285ca4dd7ed752bbc3e1c6242a304d1",
                "sha256:26cef14744a8385f35d0e095dc8b3a7583f6c953c2e3d269c7f82484bf5ad2de",
                "sha256:27b83ad28825978742beef057bfe406ad6ed524b2d28c252c5de7b4a6dd48fa2",
                "sha256:292052fe80923aae2260c073f822ceba21f3872ced9a68bb7953b348e561179a",
                "sha256:29d1d8fb1030af4d231789959f21821ab6325e463f0503a61d204343c9b355d1",
                "sha256:2a44ed93ea23415c54f3face3b65ef2b844d96aeb3455b8a69b3df6beab6acc5",
                "sha256:30f51edd9bb7f85c748979384165601d028b84f7bd13fe14d3e065304093916a",
                "sha256:34bcc734bd2f2d5fe3b34e7b3c0116bfb2397f2d9666139988e7a3eb5f7400e3",
                "sha256:3ad72b851e781478366288743198101e5eb34a414f1d5627cdd585ca3b25f1db",
                "sha256:3f901fe783e06e48e8cbdc82d631fca8f118333798193e026a50ce1b3757ea68",
                "sha256:42f144f3aafa5d92bad964d471a581651e28b24434d184871bd02e3a0d956037",
                "sha256:4a14d5f5fc78ce85e426aa159489e2d5961acf0e47575e08f35584009178e321",
                "sha256:4a58d057208cb9075c144950d789511220b07636dd2e4708d5645d24de666bdc",
                "sha256:4e691d7f5186bd2842c14813f79f8884bb03f5995f0575272009982c5ac6c0f7",
                "sha256:5502408cab1cb18e128570f8d598981c68a50d0cbd7c61312a90507cd3a1276f",
                "sha256:584c80c24b078eec1e227079d56dc22ff755e0ba8654d8383b2c549107528918",
                "sha256:5ad948d085ed6c16413eb5fec6b3e02fa00dc29a2534f088d3302c47eb59adf9",
                "sha256:670d286910b531c7b7e3c0b453fd8156f250adb140146d234a82219459b9640c",
                "sha256:682fa37ff4d8e95f7df6fe6fe6a431e8ed8e788023c6bcc0f0880a12eab80ad1",
                "sha256:6d6c4268598f762bc8e91f5dbf2ab2f61f7b95bdc07953b602db879b3c8c18e1",
                "sha256:79fc6b8699564e1f9b521582c35435f1bd32dd06822322ec44afdeba666d8cb3",
                "sha256:8bdb9d0ce90cbf99c525e75a2fa415144fd570a1ba987380190e8b786bc6ef9b",
                "sha256:8fcb9ba3709ff77e77f1c7022ff11d13553f3c30299a9fe246a166903e9091eb",
                "sha256:941d4343bf27b605e9213b26bfa1c4bf197c9c599a9627eb7305b0defcfe40c1",
                "sha256:967cf6e3fd4adf7de8fc73cd3043754ae79c36475c1c11d514fc72cf5490094a",
                "sha256:970b08dd6b86058b6dc07efe9e98414f5102974716232d10f32ff39701e841c4",
                "sha256:97f50fd18543be72da51dd505e2ed20d2228c74e0464e4262e4899797803d7fa",
                "sha256:9bd7d7f544d362576be74f9d5901a22f317efc20046efe2034dced238cbbfe78",
                "sha256:add8bf86b71a5d9fb5b89f023a80b791e04fba57960aa790cc6125f7f1d39dfe",
                "sha256:b35d7e5ad269804f6697727702da3c517bb8a5228afa450ab0fa787732055fc9",
                "sha256:b49750419d300e2b5a3813cf229d4e5a4c728dae470bcc89867a9ad6f25a722d",
                "sha256:d31b97b3de0f61571a124a00ffe9a81fb9939146c122c11060725bd5aea79975",
                "sha256:d70e77c55ae8380c91c0c18dea05951482e263982911fc7410b1ffd1dadd3440",
                "sha256:d9907d61f15bf7261d7e775bd5d7ee4d2930e04424bab1972591918497623a16",
                "sha256:da5baeaf7116dced9c6bb76dc31ba04a2dc3695f3d9f74741d7910122b456edc",
                "sha256:dc74c035f9bfca0255c1af77ddd2d6ae8419012805453e4b0e7513e17904545d",
                "sha256:dcafc12c30dbaf1e2af0490978352e0c4041a7cde31f4f81435c2a5e8b9cabb6",
                "sha256:ee44d0f85b803321710f9239f335aafe16553b39106384cef8e6de40cb4ef2f6",
                "sha256:f66a6bbe741bd431f6d741e617e0f39ec7257ca1f89089593479347cc4d13324"
            ],
            "markers": "python_version >= '3.8'",
            "version": "==0.4.1"
        },
        "tomli": {
            "hashes": [
                "sha256:069435bd5480429b98c5e5afb02ab21c219b6f0064680671c6dc0d46817346ea",
                "sha256:0dc598040da8d42cf20f0be588ed7004f46db12a0ac6c32e03a59dccedaaadcd",
                "sha256:1245a6638fc4bb0a60af38a7d45413db34a13842027c77597c712c998c62fdf0",
                "sha256:19b0dd8749f4ea2f112c5fcfb3c5248390c899d7e2e173f1d91abee1fa0ff391",
                "sha256:1f4a40d03fb9f63424f0979855bdeaf44dd7696b8d59501822c10ed30ba532df",
                "sha256:20aa36de8f2cf87237143bc1fa1aae8d6612c09118f4da21c6a684db5dd1f6f9",
                "sha256:21e4cae4114aba25aa0d4f85cdf486d290fb35c0954d7bba536248da64d43066",
                "sha256:22185fad8a1e622f064e78008018a0dd3323550dcb479cb7a1d296888d74024f",
                "sha256:2419c2a189551987b59d80e63ec355671283336f41c6b9b89462df679c7d0c57",
                "sha256:264507556cd8b8c8e7c6ee037cdf443a463f03f4c958e57195e3d369711b8ff6",
                "sha256:32a7b79ac57a2e83670ce329ccf675798bc5a2094783a63676866b70503f2e2b",
                "sha256:3f89d10c1ff6a38d992c27fc8a4816af71a909e08a40ec66934240b1e74347c3",
                "sha256:463b16086865b97facd8d0b3fb4cb7c544e3f58d2a69dc3113d6db9653fdb043",
                "sha256:49096930c8d886c9bbdab62d2d0d17ce823ddeea522309a190b36245d5b49e01",
                "sha256:521345fd1f19d45b8df87657aaa38b6f2ca3800059fadf428e7ebf479a383646",
                "sha256:57b1c3b01fab802e2899bc3d168dca320e14165e2fd9fd584760fb4ca5826859",
                "sha256:5d8bac3d603c97e6854424e5b2b5b741bdbde387e09f162fb0446812b4a8362b",
                "sha256:610b27d99f28ec5f191c7064a48f3ddb179a1fe6ca73d571483ae859f57b605e",
                "sha256:61ea1ebe1e55a34ea8199cc8dbff398d35027b82271c8ac4802fd3a1fd5b1bcc",
                "sha256:62fc1bc8eb03e3a9cadfca713d65614ed8e09d974a283295ffe3a831976b4dc5",
                "sha256:6664b7ae7af7294256c53960a6103077f4914cec8ff98479c352f622c6f6b2f0",
                "sha256:667e521b37a6c5ccaa044202c235b530f90177ffe2cd4a64ecc213c7dd535feb",
                "sha256:69491c143d2fe063046e0301e62a810bed338fa4d1ce0fd870c27dc1e09b0d84",
                "sha256:6cf74416bdc94ae458b14e37286c1073081850ac8459a00d0c5efef5d44294c6",
                "sha256:6e95c7614e705bfe2b04b27aa124adec59752d15813df37e2156747cab3a006b",
                "sha256:6f041843c4d3a37245c0c056fd955b186bf8b1fb85690cbe40b81230891dc34b",
                "sha256:752e8b1aa6a4367ef8bf6a1a1e005540f7ed055ba36d7193796812ca5404eb52",
                "sha256:75dbcde8751b0a960aa3de173aa5e894d590755c6d7758b7e774c06f1dc3cbdd",
                "sha256:7ac2027d37c3afbdf4bdd377f2676f6f1d2122a5be1f1137b49dced590b37e75",
                "sha256:7ad1ea345759240d6463efa0ed1c704402752e49aa21476620738d74d72d8aa1",
                "sha256:86665cee9c4835b7a7f1e8ec2c719b5258d4dc782887aded5a8ae7352a96843b",
                "sha256:8ff3a2ca028c7eee0c777f9a092038d0a594a9fa04e215f929a22c329e2cb142",
                "sha256:91294a9fb94a75542f6e46e4a2ae709bd8d9b51134098cae5cf3bea5478b6d03",
                "sha256:943276cf269e0071948d9ff697159c1735e623c1151d88abb09b74659ef0cbea",
                "sha256:96243987194634bd411066ce40c952e108f86af04db533ecd8ac3ff2a85b1885",
                "sha256:984012f71908165449a951de2050d52f276bfe3aa5d5f570f63ddad814370374",
                "sha256:9b03d7dc168353b4132965bde20feceabaa470e570c6f59660dfae59b1f9eeb3",
                "sha256:9dbb18c1cfb2f6517942fc9314437f66aa06d94436ffb1f06102ef3572f35276",
                "sha256:9ebf8d19b17bd0daeb7b7dec81a946a439b753942fd0210d6e96c532249eea6b",
                "sha256:a525685c2f97da40762b8695eb7aa0af4c8344ca1905c73e4e29cb04d34607dc",
                "sha256:abdbf6313b8d9efe157edeb7ab6eae4de064b1300ad31abf73755154b30abe68",
                "sha256:b69564772b5c8f22ea5f498dff08cfa825045b4d4c4400529000bdf818aa3b2a",
                "sha256:b8ade5023067f99fe72b88accd30d0ea05a158e9e32a11f124e731ea9695313f",
                "sha256:bbaefc84548d754be821bba7c4141c4787dda182f9e77f2f87b71213529efa7b",
                "sha256:bd05de8c1698f8413dd7d869492693a0bf2211543b787ac78cd5e7536af1a6d7",
                "sha256:bf0b5e8e0f68ebb494356e577c06c139161efd8d3b9050f93b39b7c26cc54ff0",
                "sha256:c414be4ed9d3cac80c42e348fa5a956117d1a48227f48026e31f59cb4a7671eb",
                "sha256:c47300f9bf791808f77d82747691c4bb09cb14bdf3060cca99b42cdc4361d5a7",
                "sha256:c4dc1c1781f2f716de763d1e9a7b34c6a894e167e291c7c5d16c72f7a9538545",
                "sha256:c804ae44fe7b4bab5da295e4f980a1ff04670bca9d23fe0a4e887e08ebd741a8",
                "sha256:cfac177ebd6236003846ea339981f71457cb6eb748f23381eb257e45092e3980",
                "sha256:d2ba24db8a9376921b5e87b4762b9adb0f3f1deaea68f2b8b0bb2c11efb9c3e7",
                "sha256:d3182ee2d887e507bd67319a0a61105d1dd33facc111329559a233b772c1a105",
                "sha256:d747252933c8a65ef6bd8da0fbb7ce28a90eb6119d8cd00772cd528aa07b68d5",
                "sha256:d7e369fd63331746182360977b1892bfc215476a30d61612d732425311639f56",
                "sha256:e12bbcd32897272fb05929110362ae9ff4c1b9bb26bd9e971e71dcd3275b4c3d",
                "sha256:e7ad033e27a516a233bea839cdb77b80146facb3b4f40bf02cd0cac165cdd5c2",
                "sha256:e9e15b4a6c7dd6b85b5fbab29488a73f1f70de516942308daa266bf0e0aeb0d4",
                "sha256:ed53f7e89bb04f6d9e8e7799112360b0c4d5cbff067de0814c98c37c39b920f7",
                "sha256:eff8babca5a7999bc137acbc7482a8b7e17ffca5075ab41f5d770ab408c7bfef",
                "sha256:f15e3e0b835a6d68b10c86bf80a3149780498d6911c93c3ffd1861d19f9200f1",
                "sha256:f3fcbc57b1791fa6cbe5d8434179d51de12be1a4811469529f47f6e7487a2571",
                "sha256:f4b653094e18f9031102d3a1da5c729c8f222d85225b18037dac621695e46e1a",
                "sha256:f79203b3965b4000e91808aaa7c040206093f2b8bf86f455982f2274c9ccf442",
                "sha256:fd4dc129784e0c5335bd4e61dfcc4487499a013419e655cf2da1d091b7e0efdc"
            ],
            "markers": "python_version >= '3.8'",
            "version": "==2.5.0"
        },
        "typing-extensions": {
            "hashes": [
                "sha256:481caa481374e813c1b176ada14e97f1f67a4539ce9cfeb3f350d78d6370c2e8",
                "sha256:dc983d19a509c94dba722ee6abd33940f7c05a89e243c47e907eb4db6f1a43e5"
            ],
            "markers": "python_version >= '3.9'",
            "version": "==4.16.0"
        }
    }
}
